// !$*UTF8*$!
{
	archiveVersion = 1;
	classes = {
	};
	objectVersion = 46;
	objects = {

/* Begin PBXBuildFile section */
		32BBB2CA1DD5231200E8D541 /* main.cpp in Sources */ = {isa = PBXBuildFile; fileRef = 32BBB2C91DD5231200E8D541 /* main.cpp */; };
		32BBB2D21DD528C700E8D541 /* City.cpp in Sources */ = {isa = PBXBuildFile; fileRef = 32BBB2D01DD528C700E8D541 /* City.cpp */; };
		32BBB2D51DD528CD00E8D541 /* Citizen.cpp in Sources */ = {isa = PBXBuildFile; fileRef = 32BBB2D31DD528CD00E8D541 /* Citizen.cpp */; };
		32C369B81DD58B01009474B2 /* Spokane.txt in CopyFiles */ = {isa = PBXBuildFile; fileRef = 32C369B71DD58B01009474B2 /* Spokane.txt */; };
		32C369BB1DD58B36009474B2 /* Katchem.txt in CopyFiles */ = {isa = PBXBuildFile; fileRef = 32C369B91DD58B36009474B2 /* Katchem.txt */; };
		32C369BC1DD58B36009474B2 /* Seattle.txt in CopyFiles */ = {isa = PBXBuildFile; fileRef = 32C369BA1DD58B36009474B2 /* Seattle.txt */; };
/* End PBXBuildFile section */

/* Begin PBXCopyFilesBuildPhase section */
		32BBB2C41DD5231200E8D541 /* CopyFiles */ = {
			isa = PBXCopyFilesBuildPhase;
			buildActionMask = 12;
			dstPath = "";
			dstSubfolderSpec = 16;
			files = (
				32C369BB1DD58B36009474B2 /* Katchem.txt in CopyFiles */,
				32C369BC1DD58B36009474B2 /* Seattle.txt in CopyFiles */,
				32C369B81DD58B01009474B2 /* Spokane.txt in CopyFiles */,
			);
			runOnlyForDeploymentPostprocessing = 0;
		};
		32C369B61DD58AB2009474B2 /* CopyFiles */ = {
			isa = PBXCopyFilesBuildPhase;
			buildActionMask = 2147483647;
			dstPath = "";
			dstSubfolderSpec = 7;
			files = (
			);
			runOnlyForDeploymentPostprocessing = 0;
		};
/* End PBXCopyFilesBuildPhase section */

/* Begin PBXFileReference section */
		32BBB2C61DD5231200E8D541 /* Exam 2 */ = {isa = PBXFileReference; explicitFileType = "compiled.mach-o.executable"; includeInIndex = 0; path = "Exam 2"; sourceTree = BUILT_PRODUCTS_DIR; };
		32BBB2C91DD5231200E8D541 /* main.cpp */ = {isa = PBXFileReference; lastKnownFileType = sourcecode.cpp.cpp; path = main.cpp; sourceTree = "<group>"; };
		32BBB2D01DD528C700E8D541 /* City.cpp */ = {isa = PBXFileReference; fileEncoding = 4; lastKnownFileType = sourcecode.cpp.cpp; path = City.cpp; sourceTree = "<group>"; };
		32BBB2D11DD528C700E8D541 /* City.hpp */ = {isa = PBXFileReference; fileEncoding = 4; lastKnownFileType = sourcecode.cpp.h; path = City.hpp; sourceTree = "<group>"; };
		32BBB2D31DD528CD00E8D541 /* Citizen.cpp */ = {isa = PBXFileReference; fileEncoding = 4; lastKnownFileType = sourcecode.cpp.cpp; path = Citizen.cpp; sourceTree = "<group>"; };
		32BBB2D41DD528CD00E8D541 /* Citizen.hpp */ = {isa = PBXFileReference; fileEncoding = 4; lastKnownFileType = sourcecode.cpp.h; path = Citizen.hpp; sourceTree = "<group>"; };
		32C369B71DD58B01009474B2 /* Spokane.txt */ = {isa = PBXFileReference; lastKnownFileType = text; path = Spokane.txt; sourceTree = "<group>"; };
		32C369B91DD58B36009474B2 /* Katchem.txt */ = {isa = PBXFileReference; lastKnownFileType = text; path = Katchem.txt; sourceTree = "<group>"; };
		32C369BA1DD58B36009474B2 /* Seattle.txt */ = {isa = PBXFileReference; lastKnownFileType = text; path = Seattle.txt; sourceTree = "<group>"; };
/* End PBXFileReference section */

/* Begin PBXFrameworksBuildPhase section */
		32BBB2C31DD5231200E8D541 /* Frameworks */ = {
			isa = PBXFrameworksBuildPhase;
			buildActionMask = 2147483647;
			files = (
			);
			runOnlyForDeploymentPostprocessing = 0;
		};
/* End PBXFrameworksBuildPhase section */

/* Begin PBXGroup section */
		32BBB2BD1DD5231200E8D541 = {
			isa = PBXGroup;
			children = (
				32C369B91DD58B36009474B2 /* Katchem.txt */,
				32C369BA1DD58B36009474B2 /* Seattle.txt */,
				32C369B71DD58B01009474B2 /* Spokane.txt */,
				32BBB2C81DD5231200E8D541 /* Exam 2 */,
				32BBB2C71DD5231200E8D541 /* Products */,
			);
			sourceTree = "<group>";
		};
		32BBB2C71DD5231200E8D541 /* Products */ = {
			isa = PBXGroup;
			children = (
				32BBB2C61DD5231200E8D541 /* Exam 2 */,
			);
			name = Products;
			sourceTree = "<group>";
		};
		32BBB2C81DD5231200E8D541 /* Exam 2 */ = {
			isa = PBXGroup;
			children = (
				32BBB2C91DD5231200E8D541 /* main.cpp */,
				32BBB2D01DD528C700E8D541 /* City.cpp */,
				32BBB2D11DD528C700E8D541 /* City.hpp */,
				32BBB2D31DD528CD00E8D541 /* Citizen.cpp */,
				32BBB2D41DD528CD00E8D541 /* Citizen.hpp */,
			);
			path = "Exam 2";
			sourceTree = "<group>";
		};
/* End PBXGroup section */

/* Begin PBXNativeTarget section */
		32BBB2C51DD5231200E8D541 /* Exam 2 */ = {
			isa = PBXNativeTarget;
			buildConfigurationList = 32BBB2CD1DD5231200E8D541 /* Build configuration list for PBXNativeTarget "Exam 2" */;
			buildPhases = (
				32BBB2C21DD5231200E8D541 /* Sources */,
				32BBB2C31DD5231200E8D541 /* Frameworks */,
				32BBB2C41DD5231200E8D541 /* CopyFiles */,
				32C369B61DD58AB2009474B2 /* CopyFiles */,
			);
			buildRules = (
			);
			dependencies = (
			);
			name = "Exam 2";
			productName = "Exam 2";
			productReference = 32BBB2C61DD5231200E8D541 /* Exam 2 */;
			productType = "com.apple.product-type.tool";
		};
/* End PBXNativeTarget section */

/* Begin PBXProject section */
		32BBB2BE1DD5231200E8D541 /* Project object */ = {
			isa = PBXProject;
			attributes = {
				LastUpgradeCheck = 0810;
				ORGANIZATIONNAME = "Cheree LaPierre";
				TargetAttributes = {
					32BBB2C51DD5231200E8D541 = {
						CreatedOnToolsVersion = 8.1;
						ProvisioningStyle = Automatic;
					};
				};
			};
			buildConfigurationList = 32BBB2C11DD5231200E8D541 /* Build configuration list for PBXProject "Exam 2" */;
			compatibilityVersion = "Xcode 3.2";
			developmentRegion = English;
			hasScannedForEncodings = 0;
			knownRegions = (
				en,
			);
			mainGroup = 32BBB2BD1DD5231200E8D541;
			productRefGroup = 32BBB2C71DD5231200E8D541 /* Products */;
			projectDirPath = "";
			projectRoot = "";
			targets = (
				32BBB2C51DD5231200E8D541 /* Exam 2 */,
			);
		};
/* End PBXProject section */

/* Begin PBXSourcesBuildPhase section */
		32BBB2C21DD5231200E8D541 /* Sources */ = {
			isa = PBXSourcesBuildPhase;
			buildActionMask = 2147483647;
			files = (
				32BBB2D21DD528C700E8D541 /* City.cpp in Sources */,
				32BBB2CA1DD5231200E8D541 /* main.cpp in Sources */,
				32BBB2D51DD528CD00E8D541 /* Citizen.cpp in Sources */,
			);
			runOnlyForDeploymentPostprocessing = 0;
		};
/* End PBXSourcesBuildPhase section */

/* Begin XCBuildConfiguration section */
		32BBB2CB1DD5231200E8D541 /* Debug */ = {
			isa = XCBuildConfiguration;
			buildSettings = {
				ALWAYS_SEARCH_USER_PATHS = NO;
				CLANG_ANALYZER_NONNULL = YES;
				CLANG_CXX_LANGUAGE_STANDARD = "gnu++0x";
				CLANG_CXX_LIBRARY = "libc++";
				CLANG_ENABLE_MODULES = YES;
				CLANG_ENABLE_OBJC_ARC = YES;
				CLANG_WARN_BOOL_CONVERSION = YES;
				CLANG_WARN_CONSTANT_CONVERSION = YES;
				CLANG_WARN_DIRECT_OBJC_ISA_USAGE = YES_ERROR;
				CLANG_WARN_DOCUMENTATION_COMMENTS = YES;
				CLANG_WARN_EMPTY_BODY = YES;
				CLANG_WARN_ENUM_CONVERSION = YES;
				CLANG_WARN_INFINITE_RECURSION = YES;
				CLANG_WARN_INT_CONVERSION = YES;
				CLANG_WARN_OBJC_ROOT_CLASS = YES_ERROR;
				CLANG_WARN_SUSPICIOUS_MOVES = YES;
				CLANG_WARN_UNREACHABLE_CODE = YES;
				CLANG_WARN__DUPLICATE_METHOD_MATCH = YES;
				CODE_SIGN_IDENTITY = "-";
				COPY_PHASE_STRIP = NO;
				DEBUG_INFORMATION_FORMAT = dwarf;
				ENABLE_STRICT_OBJC_MSGSEND = YES;
				ENABLE_TESTABILITY = YES;
				GCC_C_LANGUAGE_STANDARD = gnu99;
				GCC_DYNAMIC_NO_PIC = NO;
				GCC_NO_COMMON_BLOCKS = YES;
				GCC_OPTIMIZATION_LEVEL = 0;
				GCC_PREPROCESSOR_DEFINITIONS = (
					"DEBUG=1",
					"$(inherited)",
				);
				GCC_WARN_64_TO_32_BIT_CONVERSION = YES;
				GCC_WARN_ABOUT_RETURN_TYPE = YES_ERROR;
				GCC_WARN_UNDECLARED_SELECTOR = YES;
				GCC_WARN_UNINITIALIZED_AUTOS = YES_AGGRESSIVE;
				GCC_WARN_UNUSED_FUNCTION = YES;
				GCC_WARN_UNUSED_VARIABLE = YES;
				MACOSX_DEPLOYMENT_TARGET = 10.12;
				MTL_ENABLE_DEBUG_INFO = YES;
				ONLY_ACTIVE_ARCH = YES;
				SDKROOT = macosx;
			};
			name = Debug;
		};
		32BBB2CC1DD5231200E8D541 /* Release */ = {
			isa = XCBuildConfiguration;
			buildSettings = {
				ALWAYS_SEARCH_USER_PATHS = NO;
				CLANG_ANALYZER_NONNULL = YES;
				CLANG_CXX_LANGUAGE_STANDARD = "gnu++0x";
				CLANG_CXX_LIBRARY = "libc++";
				CLANG_ENABLE_MODULES = YES;
				CLANG_ENABLE_OBJC_ARC = YES;
				CLANG_WARN_BOOL_CONVERSION = YES;
				CLANG_WARN_CONSTANT_CONVERSION = YES;
				CLANG_WARN_DIRECT_OBJC_ISA_USAGE = YES_ERROR;
				CLANG_WARN_DOCUMENTATION_COMMENTS = YES;
				CLANG_WARN_EMPTY_BODY = YES;
				CLANG_WARN_ENUM_CONVERSION = YES;
				CLANG_WARN_INFINITE_RECURSION = YES;
				CLANG_WARN_INT_CONVERSION = YES;
				CLANG_WARN_OBJC_ROOT_CLASS = YES_ERROR;
				CLANG_WARN_SUSPICIOUS_MOVES = YES;
				CLANG_WARN_UNREACHABLE_CODE = YES;
				CLANG_WARN__DUPLICATE_METHOD_MATCH = YES;
				CODE_SIGN_IDENTITY = "-";
				COPY_PHASE_STRIP = NO;
				DEBUG_INFORMATION_FORMAT = "dwarf-with-dsym";
				ENABLE_NS_ASSERTIONS = NO;
				ENABLE_STRICT_OBJC_MSGSEND = YES;
				GCC_C_LANGUAGE_STANDARD = gnu99;
				GCC_NO_COMMON_BLOCKS = YES;
				GCC_WARN_64_TO_32_BIT_CONVERSION = YES;
				GCC_WARN_ABOUT_RETURN_TYPE = YES_ERROR;
				GCC_WARN_UNDECLARED_SELECTOR = YES;
				GCC_WARN_UNINITIALIZED_AUTOS = YES_AGGRESSIVE;
				GCC_WARN_UNUSED_FUNCTION = YES;
				GCC_WARN_UNUSED_VARIABLE = YES;
				MACOSX_DEPLOYMENT_TARGET = 10.12;
				MTL_ENABLE_DEBUG_INFO = NO;
				SDKROOT = macosx;
			};
			name = Release;
		};
		32BBB2CE1DD5231200E8D541 /* Debug */ = {
			isa = XCBuildConfiguration;
			buildSettings = {
				PRODUCT_NAME = "$(TARGET_NAME)";
			};
			name = Debug;
		};
		32BBB2CF1DD5231200E8D541 /* Release */ = {
			isa = XCBuildConfiguration;
			buildSettings = {
				PRODUCT_NAME = "$(TARGET_NAME)";
			};
			name = Release;
		};
/* End XCBuildConfiguration section */

/* Begin XCConfigurationList section */
		32BBB2C11DD5231200E8D541 /* Build configuration list for PBXProject "Exam 2" */ = {
			isa = XCConfigurationList;
			buildConfigurations = (
				32BBB2CB1DD5231200E8D541 /* Debug */,
				32BBB2CC1DD5231200E8D541 /* Release */,
			);
			defaultConfigurationIsVisible = 0;
			defaultConfigurationName = Release;
		};
		32BBB2CD1DD5231200E8D541 /* Build configuration list for PBXNativeTarget "Exam 2" */ = {
			isa = XCConfigurationList;
			buildConfigurations = (
				32BBB2CE1DD5231200E8D541 /* Debug */,
				32BBB2CF1DD5231200E8D541 /* Release */,
			);
			defaultConfigurationIsVisible = 0;
			defaultConfigurationName = Release;
		};
/* End XCConfigurationList section */
	};
	rootObject = 32BBB2BE1DD5231200E8D541 /* Project object */;
}
